{
    "_readme": [
        "This file locks the dependencies of your project to a known state",
        "Read more about it at https://getcomposer.org/doc/01-basic-usage.md#composer-lock-the-lock-file",
        "This file is @generated automatically"
    ],
    "content-hash": "7259baf0a6a2ec4e8e08bbe110285e47",
    "packages": [
        {
            "name": "zendframework/zend-permissions-acl",
            "version": "2.6.0",
            "source": {
                "type": "git",
                "url": "https://github.com/zendframework/zend-permissions-acl.git",
                "reference": "843bbd9c6f6d20b84dd0ce6c815d10397e98082b"
            },
            "dist": {
                "type": "zip",
                "url": "https://api.github.com/repos/zendframework/zend-permissions-acl/zipball/843bbd9c6f6d20b84dd0ce6c815d10397e98082b",
                "reference": "843bbd9c6f6d20b84dd0ce6c815d10397e98082b",
                "shasum": "",
                "mirrors": [
                    {
                        "url": "https://dl.laravel-china.org/%package%/%reference%.%type%",
                        "preferred": true
                    }
                ]
            },
            "require": {
                "php": "^5.5 || ^7.0"
            },
            "require-dev": {
                "fabpot/php-cs-fixer": "1.7.*",
                "phpunit/phpunit": "~4.0",
                "zendframework/zend-servicemanager": "^2.7.5 || ^3.0.3"
            },
            "suggest": {
                "zendframework/zend-servicemanager": "To support Zend\\Permissions\\Acl\\Assertion\\AssertionManager plugin manager usage"
            },
            "type": "library",
            "extra": {
                "branch-alias": {
                    "dev-master": "2.6-dev",
                    "dev-develop": "2.7-dev"
                }
            },
            "autoload": {
                "psr-4": {
                    "Zend\\Permissions\\Acl\\": "src/"
                }
            },
            "notification-url": "https://packagist.org/downloads/",
            "license": [
                "BSD-3-Clause"
            ],
            "description": "provides a lightweight and flexible access control list (ACL) implementation for privileges management",
            "homepage": "https://github.com/zendframework/zend-permissions-acl",
            "keywords": [
                "acl",
                "zf2"
            ],
            "time": "2016-02-03T21:46:45+00:00"
        }
    ],
    "packages-dev": [],
    "aliases": [],
    "minimum-stability": "stable",
    "stability-flags": [],
    "prefer-stable": false,
    "prefer-lowest": false,
    "platform": [],
    "platform-dev": []
}
